# This file is automatically @generated by tinymist.
# It is not intended for manual editing.
version = "0.1.0-beta0"

[[document]]
font-paths = ["file:../../../../nix/store/lrwb4cafz2ppr8pm470ads5wpj0s776s-nerd-fonts-jetbrains-mono-3.4.0+2.304", "file:../../../../nix/store/v3rwv0yi4m0nh7li17zac74d4rv225g6-nerd-fonts-space-mono-3.4.0+1.001", "file:../../../../nix/store/s0xhs9c5asi4dz3r23akx33q2dv9wh26-twemoji-color-font-15.1.0/share/fonts/truetype"]
id = "file:slides.typ"
inputs = []
main = "file:slides.typ"
system-fonts = true

[[route]]
id = "file:slides.typ"
priority = 256

[[task]]
document = "file:slides.typ"
id = "file:slides.typ"
type = "export-pdf"
when = "never"
